
Microsoft Visual Studio Solution File, Format Version 12.00
# Visual Studio 15
VisualStudioVersion = 15.0.27130.2010
MinimumVisualStudioVersion = 10.0.40219.1
Project("{2150E333-8FDC-42A3-9474-1A3956D46DE8}") = "src", "src", "{B867E038-B3CE-43E3-9292-61568C46CDEB}"
EndProject
Project("{9A19103F-16F7-4668-BE54-9A1E7A4F7556}") = "Microsoft.AspNetCore.Blazor.BuildTools", "src\Microsoft.AspNetCore.Blazor.BuildTools\Microsoft.AspNetCore.Blazor.BuildTools.csproj", "{AC3B5C2C-B935-4A64-8CDB-B8217EE26DC6}"
EndProject
Project("{9A19103F-16F7-4668-BE54-9A1E7A4F7556}") = "Microsoft.AspNetCore.Components.WebAssembly.Runtime", "src\Microsoft.AspNetCore.Components.WebAssembly.Runtime\Microsoft.AspNetCore.Components.WebAssembly.Runtime.csproj", "{E74CC0F5-876C-4DB3-A01F-5D81D5772440}"
EndProject
Global
	GlobalSection(SolutionConfigurationPlatforms) = preSolution
		Debug|Any CPU = Debug|Any CPU
		Release|Any CPU = Release|Any CPU
	EndGlobalSection
	GlobalSection(ProjectConfigurationPlatforms) = postSolution
		{AC3B5C2C-B935-4A64-8CDB-B8217EE26DC6}.Debug|Any CPU.ActiveCfg = Debug|Any CPU
		{AC3B5C2C-B935-4A64-8CDB-B8217EE26DC6}.Debug|Any CPU.Build.0 = Debug|Any CPU
		{AC3B5C2C-B935-4A64-8CDB-B8217EE26DC6}.Release|Any CPU.ActiveCfg = Release|Any CPU
		{AC3B5C2C-B935-4A64-8CDB-B8217EE26DC6}.Release|Any CPU.Build.0 = Release|Any CPU
		{E74CC0F5-876C-4DB3-A01F-5D81D5772440}.Debug|Any CPU.ActiveCfg = Debug|Any CPU
		{E74CC0F5-876C-4DB3-A01F-5D81D5772440}.Debug|Any CPU.Build.0 = Debug|Any CPU
		{E74CC0F5-876C-4DB3-A01F-5D81D5772440}.Release|Any CPU.ActiveCfg = Release|Any CPU
		{E74CC0F5-876C-4DB3-A01F-5D81D5772440}.Release|Any CPU.Build.0 = Release|Any CPU
	EndGlobalSection
	GlobalSection(SolutionProperties) = preSolution
		HideSolutionNode = FALSE
	EndGlobalSection
	GlobalSection(NestedProjects) = preSolution
		{AC3B5C2C-B935-4A64-8CDB-B8217EE26DC6} = {B867E038-B3CE-43E3-9292-61568C46CDEB}
		{E74CC0F5-876C-4DB3-A01F-5D81D5772440} = {B867E038-B3CE-43E3-9292-61568C46CDEB}
	EndGlobalSection
	GlobalSection(ExtensibilityGlobals) = postSolution
		SolutionGuid = {504DA352-6788-4DC0-8705-82167E72A4D3}
	EndGlobalSection
EndGlobal
