
Microsoft Visual Studio Solution File, Format Version 12.00
# Visual Studio 15
VisualStudioVersion = 15.0.27130.2010
MinimumVisualStudioVersion = 10.0.40219.1
Project("{2150E333-8FDC-42A3-9474-1A3956D46DE8}") = "src", "src", "{B867E038-B3CE-43E3-9292-61568C46CDEB}"
EndProject
Project("{9A19103F-16F7-4668-BE54-9A1E7A4F7556}") = "Mono.WebAssembly.Interop", "modules\jsinterop\src\Mono.WebAssembly.Interop\Mono.WebAssembly.Interop.csproj", "{37856984-9702-4062-B8B7-91A38AD8F2BF}"
EndProject
Project("{9A19103F-16F7-4668-BE54-9A1E7A4F7556}") = "Microsoft.JSInterop", "modules\jsinterop\src\Microsoft.JSInterop\Microsoft.JSInterop.csproj", "{5F992F3C-4980-4E8E-BEE0-6EC08E369A57}"
EndProject
Project("{9A19103F-16F7-4668-BE54-9A1E7A4F7556}") = "Microsoft.JSInterop.JS", "modules\jsinterop\src\Microsoft.JSInterop.JS\Microsoft.JSInterop.JS.csproj", "{4A5D7F9D-9CED-44C1-983E-054D8E99A292}"
EndProject
Project("{2150E333-8FDC-42A3-9474-1A3956D46DE8}") = "jsinterop", "jsinterop", "{1386F99B-3862-40C2-B24D-796C07DC7921}"
EndProject
Project("{2150E333-8FDC-42A3-9474-1A3956D46DE8}") = "modules", "modules", "{F380B6B6-9486-42BC-9B24-C388F8BF13A3}"
EndProject
Project("{9A19103F-16F7-4668-BE54-9A1E7A4F7556}") = "Microsoft.AspNetCore.Blazor.BuildTools", "src\Microsoft.AspNetCore.Blazor.BuildTools\Microsoft.AspNetCore.Blazor.BuildTools.csproj", "{AC3B5C2C-B935-4A64-8CDB-B8217EE26DC6}"
EndProject
Project("{9A19103F-16F7-4668-BE54-9A1E7A4F7556}") = "Microsoft.AspNetCore.Blazor.Mono", "src\Microsoft.AspNetCore.Blazor.Mono\Microsoft.AspNetCore.Blazor.Mono.csproj", "{E74CC0F5-876C-4DB3-A01F-5D81D5772440}"
EndProject
Project("{2150E333-8FDC-42A3-9474-1A3956D46DE8}") = "test", "test", "{0DAFFBFD-B3F8-4E18-865D-1AC871912FCE}"
EndProject
Project("{9A19103F-16F7-4668-BE54-9A1E7A4F7556}") = "Microsoft.JSInterop.Test", "modules\jsinterop\test\Microsoft.JSInterop.Test\Microsoft.JSInterop.Test.csproj", "{727EA75F-ED12-43DD-8193-5159B3372C5B}"
EndProject
Global
	GlobalSection(SolutionConfigurationPlatforms) = preSolution
		Debug|Any CPU = Debug|Any CPU
		Release|Any CPU = Release|Any CPU
	EndGlobalSection
	GlobalSection(ProjectConfigurationPlatforms) = postSolution
		{37856984-9702-4062-B8B7-91A38AD8F2BF}.Debug|Any CPU.ActiveCfg = Debug|Any CPU
		{37856984-9702-4062-B8B7-91A38AD8F2BF}.Debug|Any CPU.Build.0 = Debug|Any CPU
		{37856984-9702-4062-B8B7-91A38AD8F2BF}.Release|Any CPU.ActiveCfg = Release|Any CPU
		{37856984-9702-4062-B8B7-91A38AD8F2BF}.Release|Any CPU.Build.0 = Release|Any CPU
		{5F992F3C-4980-4E8E-BEE0-6EC08E369A57}.Debug|Any CPU.ActiveCfg = Debug|Any CPU
		{5F992F3C-4980-4E8E-BEE0-6EC08E369A57}.Debug|Any CPU.Build.0 = Debug|Any CPU
		{5F992F3C-4980-4E8E-BEE0-6EC08E369A57}.Release|Any CPU.ActiveCfg = Release|Any CPU
		{5F992F3C-4980-4E8E-BEE0-6EC08E369A57}.Release|Any CPU.Build.0 = Release|Any CPU
		{4A5D7F9D-9CED-44C1-983E-054D8E99A292}.Debug|Any CPU.ActiveCfg = Debug|Any CPU
		{4A5D7F9D-9CED-44C1-983E-054D8E99A292}.Debug|Any CPU.Build.0 = Debug|Any CPU
		{4A5D7F9D-9CED-44C1-983E-054D8E99A292}.Release|Any CPU.ActiveCfg = Release|Any CPU
		{4A5D7F9D-9CED-44C1-983E-054D8E99A292}.Release|Any CPU.Build.0 = Release|Any CPU
		{AC3B5C2C-B935-4A64-8CDB-B8217EE26DC6}.Debug|Any CPU.ActiveCfg = Debug|Any CPU
		{AC3B5C2C-B935-4A64-8CDB-B8217EE26DC6}.Debug|Any CPU.Build.0 = Debug|Any CPU
		{AC3B5C2C-B935-4A64-8CDB-B8217EE26DC6}.Release|Any CPU.ActiveCfg = Release|Any CPU
		{AC3B5C2C-B935-4A64-8CDB-B8217EE26DC6}.Release|Any CPU.Build.0 = Release|Any CPU
		{E74CC0F5-876C-4DB3-A01F-5D81D5772440}.Debug|Any CPU.ActiveCfg = Debug|Any CPU
		{E74CC0F5-876C-4DB3-A01F-5D81D5772440}.Debug|Any CPU.Build.0 = Debug|Any CPU
		{E74CC0F5-876C-4DB3-A01F-5D81D5772440}.Release|Any CPU.ActiveCfg = Release|Any CPU
		{E74CC0F5-876C-4DB3-A01F-5D81D5772440}.Release|Any CPU.Build.0 = Release|Any CPU
		{727EA75F-ED12-43DD-8193-5159B3372C5B}.Debug|Any CPU.ActiveCfg = Debug|Any CPU
		{727EA75F-ED12-43DD-8193-5159B3372C5B}.Debug|Any CPU.Build.0 = Debug|Any CPU
		{727EA75F-ED12-43DD-8193-5159B3372C5B}.Release|Any CPU.ActiveCfg = Release|Any CPU
		{727EA75F-ED12-43DD-8193-5159B3372C5B}.Release|Any CPU.Build.0 = Release|Any CPU
	EndGlobalSection
	GlobalSection(SolutionProperties) = preSolution
		HideSolutionNode = FALSE
	EndGlobalSection
	GlobalSection(NestedProjects) = preSolution
		{37856984-9702-4062-B8B7-91A38AD8F2BF} = {1386F99B-3862-40C2-B24D-796C07DC7921}
		{5F992F3C-4980-4E8E-BEE0-6EC08E369A57} = {1386F99B-3862-40C2-B24D-796C07DC7921}
		{4A5D7F9D-9CED-44C1-983E-054D8E99A292} = {1386F99B-3862-40C2-B24D-796C07DC7921}
		{1386F99B-3862-40C2-B24D-796C07DC7921} = {F380B6B6-9486-42BC-9B24-C388F8BF13A3}
		{AC3B5C2C-B935-4A64-8CDB-B8217EE26DC6} = {B867E038-B3CE-43E3-9292-61568C46CDEB}
		{E74CC0F5-876C-4DB3-A01F-5D81D5772440} = {B867E038-B3CE-43E3-9292-61568C46CDEB}
		{727EA75F-ED12-43DD-8193-5159B3372C5B} = {0DAFFBFD-B3F8-4E18-865D-1AC871912FCE}
	EndGlobalSection
	GlobalSection(ExtensibilityGlobals) = postSolution
		SolutionGuid = {504DA352-6788-4DC0-8705-82167E72A4D3}
	EndGlobalSection
EndGlobal
